<?xml version="1.0" encoding="utf-8"?>
<Project ToolsVersion="4.0" xmlns="http://schemas.microsoft.com/developer/msbuild/2003">
  <ItemGroup>
    <Filter Include="Source Files">
      <UniqueIdentifier>{1f0eebd8-928a-466f-b1c6-b850b34988a3}</UniqueIdentifier>
      <Extensions>.c</Extensions>
    </Filter>
    <Filter Include="Source Files\lib">
      <UniqueIdentifier>{d573403f-3988-42ae-8d62-a923583ba077}</UniqueIdentifier>
    </Filter>
    <Filter Include="Header Files">
      <UniqueIdentifier>{3e705d4a-f658-4e60-aabf-0be9331f5639}</UniqueIdentifier>
      <Extensions>.h</Extensions>
    </Filter>
  </ItemGroup>
  <ItemGroup>
    <ClCompile Include="lib\iconv.c">
      <Filter>Source Files\lib</Filter>
    </ClCompile>
    <ClCompile Include="lib\iconv_ces.c">
      <Filter>Source Files\lib</Filter>
    </ClCompile>
    <ClCompile Include="lib\iconv_ces_euc.c">
      <Filter>Source Files\lib</Filter>
    </ClCompile>
    <ClCompile Include="lib\iconv_ces_iso2022.c">
      <Filter>Source Files\lib</Filter>
    </ClCompile>
    <ClCompile Include="lib\iconv_int.c">
      <Filter>Source Files\lib</Filter>
    </ClCompile>
    <ClCompile Include="lib\iconv_module.c">
      <Filter>Source Files\lib</Filter>
    </ClCompile>
    <ClCompile Include="lib\iconv_uc.c">
      <Filter>Source Files\lib</Filter>
    </ClCompile>
  </ItemGroup>
  <ItemGroup>
    <ClInclude Include="include\api_version.h">
      <Filter>Header Files</Filter>
    </ClInclude>
    <ClInclude Include="include\apr_iconv.h">
      <Filter>Header Files</Filter>
    </ClInclude>
    <ClInclude Include="lib\charset_alias.h">
      <Filter>Header Files</Filter>
    </ClInclude>
    <ClInclude Include="lib\iconv.h">
      <Filter>Header Files</Filter>
    </ClInclude>
  </ItemGroup>
</Project>